
Microsoft Visual Studio Solution File, Format Version 12.00
Project("{FAE04EC0-301F-11D3-BF4B-00C04F79EFBC}") = "Lab_1_4", "Lab_1_4\Lab_1_4.csproj", "{17ED6C21-110D-4F4A-BF71-0C412D39D427}"
EndProject
Global
	GlobalSection(SolutionConfigurationPlatforms) = preSolution
		Debug|Any CPU = Debug|Any CPU
		Release|Any CPU = Release|Any CPU
	EndGlobalSection
	GlobalSection(ProjectConfigurationPlatforms) = postSolution
		{17ED6C21-110D-4F4A-BF71-0C412D39D427}.Debug|Any CPU.ActiveCfg = Debug|Any CPU
		{17ED6C21-110D-4F4A-BF71-0C412D39D427}.Debug|Any CPU.Build.0 = Debug|Any CPU
		{17ED6C21-110D-4F4A-BF71-0C412D39D427}.Release|Any CPU.ActiveCfg = Release|Any CPU
		{17ED6C21-110D-4F4A-BF71-0C412D39D427}.Release|Any CPU.Build.0 = Release|Any CPU
	EndGlobalSection
EndGlobal
