
Microsoft Visual Studio Solution File, Format Version 12.00
Project("{FAE04EC0-301F-11D3-BF4B-00C04F79EFBC}") = "LW2", "LW2\LW2.csproj", "{BFA515F1-F599-4518-816F-74DF8F95BB68}"
EndProject
Global
	GlobalSection(SolutionConfigurationPlatforms) = preSolution
		Debug|Any CPU = Debug|Any CPU
		Release|Any CPU = Release|Any CPU
	EndGlobalSection
	GlobalSection(ProjectConfigurationPlatforms) = postSolution
		{BFA515F1-F599-4518-816F-74DF8F95BB68}.Debug|Any CPU.ActiveCfg = Debug|Any CPU
		{BFA515F1-F599-4518-816F-74DF8F95BB68}.Debug|Any CPU.Build.0 = Debug|Any CPU
		{BFA515F1-F599-4518-816F-74DF8F95BB68}.Release|Any CPU.ActiveCfg = Release|Any CPU
		{BFA515F1-F599-4518-816F-74DF8F95BB68}.Release|Any CPU.Build.0 = Release|Any CPU
	EndGlobalSection
EndGlobal
