
Microsoft Visual Studio Solution File, Format Version 12.00
Project("{FAE04EC0-301F-11D3-BF4B-00C04F79EFBC}") = "LW8", "LW8\LW8.csproj", "{F15C13B1-A7BA-45D3-9EDB-EC8CE4DD90E2}"
EndProject
Project("{FAE04EC0-301F-11D3-BF4B-00C04F79EFBC}") = "StreamService", "StreamService\StreamService.csproj", "{7D0089DA-5C6D-4FC4-8038-4D2D780C4CF4}"
EndProject
Project("{FAE04EC0-301F-11D3-BF4B-00C04F79EFBC}") = "Painter", "Painter\Painter.csproj", "{AC81C042-F11A-47E2-8066-A397BDD3C1DA}"
EndProject
Global
	GlobalSection(SolutionConfigurationPlatforms) = preSolution
		Debug|Any CPU = Debug|Any CPU
		Release|Any CPU = Release|Any CPU
	EndGlobalSection
	GlobalSection(ProjectConfigurationPlatforms) = postSolution
		{F15C13B1-A7BA-45D3-9EDB-EC8CE4DD90E2}.Debug|Any CPU.ActiveCfg = Debug|Any CPU
		{F15C13B1-A7BA-45D3-9EDB-EC8CE4DD90E2}.Debug|Any CPU.Build.0 = Debug|Any CPU
		{F15C13B1-A7BA-45D3-9EDB-EC8CE4DD90E2}.Release|Any CPU.ActiveCfg = Release|Any CPU
		{F15C13B1-A7BA-45D3-9EDB-EC8CE4DD90E2}.Release|Any CPU.Build.0 = Release|Any CPU
		{7D0089DA-5C6D-4FC4-8038-4D2D780C4CF4}.Debug|Any CPU.ActiveCfg = Debug|Any CPU
		{7D0089DA-5C6D-4FC4-8038-4D2D780C4CF4}.Debug|Any CPU.Build.0 = Debug|Any CPU
		{7D0089DA-5C6D-4FC4-8038-4D2D780C4CF4}.Release|Any CPU.ActiveCfg = Release|Any CPU
		{7D0089DA-5C6D-4FC4-8038-4D2D780C4CF4}.Release|Any CPU.Build.0 = Release|Any CPU
		{AC81C042-F11A-47E2-8066-A397BDD3C1DA}.Debug|Any CPU.ActiveCfg = Debug|Any CPU
		{AC81C042-F11A-47E2-8066-A397BDD3C1DA}.Debug|Any CPU.Build.0 = Debug|Any CPU
		{AC81C042-F11A-47E2-8066-A397BDD3C1DA}.Release|Any CPU.ActiveCfg = Release|Any CPU
		{AC81C042-F11A-47E2-8066-A397BDD3C1DA}.Release|Any CPU.Build.0 = Release|Any CPU
	EndGlobalSection
EndGlobal
