
Microsoft Visual Studio Solution File, Format Version 12.00
Project("{FAE04EC0-301F-11D3-BF4B-00C04F79EFBC}") = "LW3", "LW3\LW3.csproj", "{D0DC780F-78ED-478F-9BF1-C29031BEEFE8}"
EndProject
Global
	GlobalSection(SolutionConfigurationPlatforms) = preSolution
		Debug|Any CPU = Debug|Any CPU
		Release|Any CPU = Release|Any CPU
	EndGlobalSection
	GlobalSection(ProjectConfigurationPlatforms) = postSolution
		{D0DC780F-78ED-478F-9BF1-C29031BEEFE8}.Debug|Any CPU.ActiveCfg = Debug|Any CPU
		{D0DC780F-78ED-478F-9BF1-C29031BEEFE8}.Debug|Any CPU.Build.0 = Debug|Any CPU
		{D0DC780F-78ED-478F-9BF1-C29031BEEFE8}.Release|Any CPU.ActiveCfg = Release|Any CPU
		{D0DC780F-78ED-478F-9BF1-C29031BEEFE8}.Release|Any CPU.Build.0 = Release|Any CPU
	EndGlobalSection
EndGlobal
